// !$*UTF8*$!
{
	archiveVersion = 1;
	classes = {
	};
	objectVersion = 55;
	objects = {

/* Begin PBXBuildFile section */
		2C225D56278F3DFE002117B7 /* TaskListViewController.swift in Sources */ = {isa = PBXBuildFile; fileRef = 2C225D55278F3DFE002117B7 /* TaskListViewController.swift */; };
		2C225D58278F40CB002117B7 /* AddTaskViewController.swift in Sources */ = {isa = PBXBuildFile; fileRef = 2C225D57278F40CB002117B7 /* AddTaskViewController.swift */; };
		2C225D5B278F41F2002117B7 /* Task.swift in Sources */ = {isa = PBXBuildFile; fileRef = 2C225D5A278F41F2002117B7 /* Task.swift */; };
		2C2EB04C27932AE2008D5F29 /* WeatherViewController.swift in Sources */ = {isa = PBXBuildFile; fileRef = 2C2EB04B27932AE2008D5F29 /* WeatherViewController.swift */; };
		2C2EB04F27932C51008D5F29 /* WeatherResult.swift in Sources */ = {isa = PBXBuildFile; fileRef = 2C2EB04E27932C51008D5F29 /* WeatherResult.swift */; };
		2C2EB05227932E54008D5F29 /* URLRequest+Extensions+Weather.swift in Sources */ = {isa = PBXBuildFile; fileRef = 2C2EB05127932E54008D5F29 /* URLRequest+Extensions+Weather.swift */; };
		2C2EB05427933313008D5F29 /* URL+Extensions.swift in Sources */ = {isa = PBXBuildFile; fileRef = 2C2EB05327933313008D5F29 /* URL+Extensions.swift */; };
		2C50C34C2774BDCD00DC10CF /* AppDelegate.swift in Sources */ = {isa = PBXBuildFile; fileRef = 2C50C34B2774BDCD00DC10CF /* AppDelegate.swift */; };
		2C50C34E2774BDCD00DC10CF /* SceneDelegate.swift in Sources */ = {isa = PBXBuildFile; fileRef = 2C50C34D2774BDCD00DC10CF /* SceneDelegate.swift */; };
		2C50C3502774BDCD00DC10CF /* ViewController.swift in Sources */ = {isa = PBXBuildFile; fileRef = 2C50C34F2774BDCD00DC10CF /* ViewController.swift */; };
		2C50C3532774BDCD00DC10CF /* Main.storyboard in Resources */ = {isa = PBXBuildFile; fileRef = 2C50C3512774BDCD00DC10CF /* Main.storyboard */; };
		2C50C3552774BDCE00DC10CF /* Assets.xcassets in Resources */ = {isa = PBXBuildFile; fileRef = 2C50C3542774BDCE00DC10CF /* Assets.xcassets */; };
		2C50C3582774BDCE00DC10CF /* LaunchScreen.storyboard in Resources */ = {isa = PBXBuildFile; fileRef = 2C50C3562774BDCE00DC10CF /* LaunchScreen.storyboard */; };
		2C70CF6627CFBBDE0018BFD3 /* RxEampleStoryBoard.storyboard in Resources */ = {isa = PBXBuildFile; fileRef = 2C70CF6527CFBBDE0018BFD3 /* RxEampleStoryBoard.storyboard */; };
		2C70CF7027CFC7F70018BFD3 /* Numbers.storyboard in Resources */ = {isa = PBXBuildFile; fileRef = 2C70CF6F27CFC7F70018BFD3 /* Numbers.storyboard */; };
		2C70CF7227CFC82D0018BFD3 /* NumbersViewController.swift in Sources */ = {isa = PBXBuildFile; fileRef = 2C70CF7127CFC82D0018BFD3 /* NumbersViewController.swift */; };
		2C70CF7527CFD5590018BFD3 /* SimpleValidation.storyboard in Resources */ = {isa = PBXBuildFile; fileRef = 2C70CF7427CFD5590018BFD3 /* SimpleValidation.storyboard */; };
		2C70CF7727CFD5630018BFD3 /* SimpleValidationViewController.swift in Sources */ = {isa = PBXBuildFile; fileRef = 2C70CF7627CFD5630018BFD3 /* SimpleValidationViewController.swift */; };
		2C79D38B27DFBCF60075C80D /* RxSwift4Hour.storyboard in Resources */ = {isa = PBXBuildFile; fileRef = 2C79D38A27DFBCF60075C80D /* RxSwift4Hour.storyboard */; };
		2C802C81277A2AE700E307F1 /* TestTableViewController.swift in Sources */ = {isa = PBXBuildFile; fileRef = 2C802C80277A2AE700E307F1 /* TestTableViewController.swift */; };
		2C802C84277A2B3100E307F1 /* MainTableViewCell.swift in Sources */ = {isa = PBXBuildFile; fileRef = 2C802C82277A2B3100E307F1 /* MainTableViewCell.swift */; };
		2C802C85277A2B3100E307F1 /* MainTableViewCell.xib in Resources */ = {isa = PBXBuildFile; fileRef = 2C802C83277A2B3100E307F1 /* MainTableViewCell.xib */; };
		2C84ED8427909D4E003A65C6 /* NewsTableViewController.swift in Sources */ = {isa = PBXBuildFile; fileRef = 2C84ED8327909D4E003A65C6 /* NewsTableViewController.swift */; };
		2C84EDA72790A584003A65C6 /* Article.swift in Sources */ = {isa = PBXBuildFile; fileRef = 2C84EDA62790A584003A65C6 /* Article.swift */; };
		2C84EDAA2790A6AF003A65C6 /* NewsTableViewCell.swift in Sources */ = {isa = PBXBuildFile; fileRef = 2C84EDA82790A6AF003A65C6 /* NewsTableViewCell.swift */; };
		2C84EDAB2790A6AF003A65C6 /* NewsTableViewCell.xib in Resources */ = {isa = PBXBuildFile; fileRef = 2C84EDA92790A6AF003A65C6 /* NewsTableViewCell.xib */; };
		2C84EDAE2790ABDB003A65C6 /* URLRequest+Extensions.swift in Sources */ = {isa = PBXBuildFile; fileRef = 2C84EDAD2790ABDB003A65C6 /* URLRequest+Extensions.swift */; };
		2CA2BB0C279420ED00F8D107 /* MVVMNewsViewController.swift in Sources */ = {isa = PBXBuildFile; fileRef = 2CA2BB0B279420ED00F8D107 /* MVVMNewsViewController.swift */; };
		2CA2BB112794211600F8D107 /* MVVMNewsTableViewCell.swift in Sources */ = {isa = PBXBuildFile; fileRef = 2CA2BB0F2794211600F8D107 /* MVVMNewsTableViewCell.swift */; };
		2CA2BB122794211600F8D107 /* MVVMNewsTableViewCell.xib in Resources */ = {isa = PBXBuildFile; fileRef = 2CA2BB102794211600F8D107 /* MVVMNewsTableViewCell.xib */; };
		2CA2BB182794238700F8D107 /* MVVMNewsArticle.swift in Sources */ = {isa = PBXBuildFile; fileRef = 2CA2BB172794238700F8D107 /* MVVMNewsArticle.swift */; };
		2CA2BB1B279424D900F8D107 /* URLRequest+Extensions+MVVM.swift in Sources */ = {isa = PBXBuildFile; fileRef = 2CA2BB1A279424D900F8D107 /* URLRequest+Extensions+MVVM.swift */; };
		2CA2BB1E2794274100F8D107 /* ArticleViewModel.swift in Sources */ = {isa = PBXBuildFile; fileRef = 2CA2BB1D2794274100F8D107 /* ArticleViewModel.swift */; };
		2CADC142278C9F1F0035D95E /* RxMain.storyboard in Resources */ = {isa = PBXBuildFile; fileRef = 2CADC141278C9F1F0035D95E /* RxMain.storyboard */; };
		2CADC149278CB4E90035D95E /* PhotosCollectionViewController.swift in Sources */ = {isa = PBXBuildFile; fileRef = 2CADC148278CB4E90035D95E /* PhotosCollectionViewController.swift */; };
		2CADC14B278CB51F0035D95E /* PhotosViewController.swift in Sources */ = {isa = PBXBuildFile; fileRef = 2CADC14A278CB51F0035D95E /* PhotosViewController.swift */; };
		2CADC14D278CBAC50035D95E /* PhotoCollectionViewCell.swift in Sources */ = {isa = PBXBuildFile; fileRef = 2CADC14C278CBAC50035D95E /* PhotoCollectionViewCell.swift */; };
		2CE1E1D6278DDF9F00AC0821 /* FilterService.swift in Sources */ = {isa = PBXBuildFile; fileRef = 2CE1E1D5278DDF9F00AC0821 /* FilterService.swift */; };
		D2712429D87AF30BB8D16D47 /* Pods_SwiftWithRxSwift.framework in Frameworks */ = {isa = PBXBuildFile; fileRef = 0614D770F73FFF1B7AAF0C6A /* Pods_SwiftWithRxSwift.framework */; };
/* End PBXBuildFile section */

/* Begin PBXFileReference section */
		0614D770F73FFF1B7AAF0C6A /* Pods_SwiftWithRxSwift.framework */ = {isa = PBXFileReference; explicitFileType = wrapper.framework; includeInIndex = 0; path = Pods_SwiftWithRxSwift.framework; sourceTree = BUILT_PRODUCTS_DIR; };
		2C225D55278F3DFE002117B7 /* TaskListViewController.swift */ = {isa = PBXFileReference; lastKnownFileType = sourcecode.swift; path = TaskListViewController.swift; sourceTree = "<group>"; };
		2C225D57278F40CB002117B7 /* AddTaskViewController.swift */ = {isa = PBXFileReference; lastKnownFileType = sourcecode.swift; path = AddTaskViewController.swift; sourceTree = "<group>"; };
		2C225D5A278F41F2002117B7 /* Task.swift */ = {isa = PBXFileReference; lastKnownFileType = sourcecode.swift; path = Task.swift; sourceTree = "<group>"; };
		2C2EB04B27932AE2008D5F29 /* WeatherViewController.swift */ = {isa = PBXFileReference; lastKnownFileType = sourcecode.swift; path = WeatherViewController.swift; sourceTree = "<group>"; };
		2C2EB04E27932C51008D5F29 /* WeatherResult.swift */ = {isa = PBXFileReference; lastKnownFileType = sourcecode.swift; path = WeatherResult.swift; sourceTree = "<group>"; };
		2C2EB05127932E54008D5F29 /* URLRequest+Extensions+Weather.swift */ = {isa = PBXFileReference; lastKnownFileType = sourcecode.swift; path = "URLRequest+Extensions+Weather.swift"; sourceTree = "<group>"; };
		2C2EB05327933313008D5F29 /* URL+Extensions.swift */ = {isa = PBXFileReference; lastKnownFileType = sourcecode.swift; path = "URL+Extensions.swift"; sourceTree = "<group>"; };
		2C50C3482774BDCD00DC10CF /* SwiftWithRxSwift.app */ = {isa = PBXFileReference; explicitFileType = wrapper.application; includeInIndex = 0; path = SwiftWithRxSwift.app; sourceTree = BUILT_PRODUCTS_DIR; };
		2C50C34B2774BDCD00DC10CF /* AppDelegate.swift */ = {isa = PBXFileReference; lastKnownFileType = sourcecode.swift; path = AppDelegate.swift; sourceTree = "<group>"; };
		2C50C34D2774BDCD00DC10CF /* SceneDelegate.swift */ = {isa = PBXFileReference; lastKnownFileType = sourcecode.swift; path = SceneDelegate.swift; sourceTree = "<group>"; };
		2C50C34F2774BDCD00DC10CF /* ViewController.swift */ = {isa = PBXFileReference; lastKnownFileType = sourcecode.swift; path = ViewController.swift; sourceTree = "<group>"; };
		2C50C3522774BDCD00DC10CF /* Base */ = {isa = PBXFileReference; lastKnownFileType = file.storyboard; name = Base; path = Base.lproj/Main.storyboard; sourceTree = "<group>"; };
		2C50C3542774BDCE00DC10CF /* Assets.xcassets */ = {isa = PBXFileReference; lastKnownFileType = folder.assetcatalog; path = Assets.xcassets; sourceTree = "<group>"; };
		2C50C3572774BDCE00DC10CF /* Base */ = {isa = PBXFileReference; lastKnownFileType = file.storyboard; name = Base; path = Base.lproj/LaunchScreen.storyboard; sourceTree = "<group>"; };
		2C50C3592774BDCE00DC10CF /* Info.plist */ = {isa = PBXFileReference; lastKnownFileType = text.plist.xml; path = Info.plist; sourceTree = "<group>"; };
		2C70CF6527CFBBDE0018BFD3 /* RxEampleStoryBoard.storyboard */ = {isa = PBXFileReference; lastKnownFileType = file.storyboard; path = RxEampleStoryBoard.storyboard; sourceTree = "<group>"; };
		2C70CF6F27CFC7F70018BFD3 /* Numbers.storyboard */ = {isa = PBXFileReference; lastKnownFileType = file.storyboard; path = Numbers.storyboard; sourceTree = "<group>"; };
		2C70CF7127CFC82D0018BFD3 /* NumbersViewController.swift */ = {isa = PBXFileReference; lastKnownFileType = sourcecode.swift; path = NumbersViewController.swift; sourceTree = "<group>"; };
		2C70CF7427CFD5590018BFD3 /* SimpleValidation.storyboard */ = {isa = PBXFileReference; lastKnownFileType = file.storyboard; path = SimpleValidation.storyboard; sourceTree = "<group>"; };
		2C70CF7627CFD5630018BFD3 /* SimpleValidationViewController.swift */ = {isa = PBXFileReference; lastKnownFileType = sourcecode.swift; path = SimpleValidationViewController.swift; sourceTree = "<group>"; };
		2C79D38A27DFBCF60075C80D /* RxSwift4Hour.storyboard */ = {isa = PBXFileReference; lastKnownFileType = file.storyboard; path = RxSwift4Hour.storyboard; sourceTree = "<group>"; };
		2C802C80277A2AE700E307F1 /* TestTableViewController.swift */ = {isa = PBXFileReference; lastKnownFileType = sourcecode.swift; path = TestTableViewController.swift; sourceTree = "<group>"; };
		2C802C82277A2B3100E307F1 /* MainTableViewCell.swift */ = {isa = PBXFileReference; lastKnownFileType = sourcecode.swift; path = MainTableViewCell.swift; sourceTree = "<group>"; };
		2C802C83277A2B3100E307F1 /* MainTableViewCell.xib */ = {isa = PBXFileReference; lastKnownFileType = file.xib; path = MainTableViewCell.xib; sourceTree = "<group>"; };
		2C84ED8327909D4E003A65C6 /* NewsTableViewController.swift */ = {isa = PBXFileReference; lastKnownFileType = sourcecode.swift; path = NewsTableViewController.swift; sourceTree = "<group>"; };
		2C84EDA62790A584003A65C6 /* Article.swift */ = {isa = PBXFileReference; lastKnownFileType = sourcecode.swift; path = Article.swift; sourceTree = "<group>"; };
		2C84EDA82790A6AF003A65C6 /* NewsTableViewCell.swift */ = {isa = PBXFileReference; lastKnownFileType = sourcecode.swift; path = NewsTableViewCell.swift; sourceTree = "<group>"; };
		2C84EDA92790A6AF003A65C6 /* NewsTableViewCell.xib */ = {isa = PBXFileReference; lastKnownFileType = file.xib; path = NewsTableViewCell.xib; sourceTree = "<group>"; };
		2C84EDAD2790ABDB003A65C6 /* URLRequest+Extensions.swift */ = {isa = PBXFileReference; lastKnownFileType = sourcecode.swift; path = "URLRequest+Extensions.swift"; sourceTree = "<group>"; };
		2CA2BB0B279420ED00F8D107 /* MVVMNewsViewController.swift */ = {isa = PBXFileReference; lastKnownFileType = sourcecode.swift; path = MVVMNewsViewController.swift; sourceTree = "<group>"; };
		2CA2BB0F2794211600F8D107 /* MVVMNewsTableViewCell.swift */ = {isa = PBXFileReference; lastKnownFileType = sourcecode.swift; path = MVVMNewsTableViewCell.swift; sourceTree = "<group>"; };
		2CA2BB102794211600F8D107 /* MVVMNewsTableViewCell.xib */ = {isa = PBXFileReference; lastKnownFileType = file.xib; path = MVVMNewsTableViewCell.xib; sourceTree = "<group>"; };
		2CA2BB172794238700F8D107 /* MVVMNewsArticle.swift */ = {isa = PBXFileReference; lastKnownFileType = sourcecode.swift; path = MVVMNewsArticle.swift; sourceTree = "<group>"; };
		2CA2BB1A279424D900F8D107 /* URLRequest+Extensions+MVVM.swift */ = {isa = PBXFileReference; lastKnownFileType = sourcecode.swift; path = "URLRequest+Extensions+MVVM.swift"; sourceTree = "<group>"; };
		2CA2BB1D2794274100F8D107 /* ArticleViewModel.swift */ = {isa = PBXFileReference; lastKnownFileType = sourcecode.swift; path = ArticleViewModel.swift; sourceTree = "<group>"; };
		2CADC141278C9F1F0035D95E /* RxMain.storyboard */ = {isa = PBXFileReference; lastKnownFileType = file.storyboard; path = RxMain.storyboard; sourceTree = "<group>"; };
		2CADC147278CA2FB0035D95E /* RxSwiftPlayground.playground */ = {isa = PBXFileReference; lastKnownFileType = file.playground; path = RxSwiftPlayground.playground; sourceTree = "<group>"; xcLanguageSpecificationIdentifier = xcode.lang.swift; };
		2CADC148278CB4E90035D95E /* PhotosCollectionViewController.swift */ = {isa = PBXFileReference; lastKnownFileType = sourcecode.swift; path = PhotosCollectionViewController.swift; sourceTree = "<group>"; };
		2CADC14A278CB51F0035D95E /* PhotosViewController.swift */ = {isa = PBXFileReference; lastKnownFileType = sourcecode.swift; path = PhotosViewController.swift; sourceTree = "<group>"; };
		2CADC14C278CBAC50035D95E /* PhotoCollectionViewCell.swift */ = {isa = PBXFileReference; lastKnownFileType = sourcecode.swift; path = PhotoCollectionViewCell.swift; sourceTree = "<group>"; };
		2CE1E1D5278DDF9F00AC0821 /* FilterService.swift */ = {isa = PBXFileReference; lastKnownFileType = sourcecode.swift; path = FilterService.swift; sourceTree = "<group>"; };
		8C4A1DAB97DF5C8CCC8873F7 /* Pods-SwiftWithRxSwift.release.xcconfig */ = {isa = PBXFileReference; includeInIndex = 1; lastKnownFileType = text.xcconfig; name = "Pods-SwiftWithRxSwift.release.xcconfig"; path = "Target Support Files/Pods-SwiftWithRxSwift/Pods-SwiftWithRxSwift.release.xcconfig"; sourceTree = "<group>"; };
		F52FA974EB051588B64763EC /* Pods-SwiftWithRxSwift.debug.xcconfig */ = {isa = PBXFileReference; includeInIndex = 1; lastKnownFileType = text.xcconfig; name = "Pods-SwiftWithRxSwift.debug.xcconfig"; path = "Target Support Files/Pods-SwiftWithRxSwift/Pods-SwiftWithRxSwift.debug.xcconfig"; sourceTree = "<group>"; };
/* End PBXFileReference section */

/* Begin PBXFrameworksBuildPhase section */
		2C50C3452774BDCD00DC10CF /* Frameworks */ = {
			isa = PBXFrameworksBuildPhase;
			buildActionMask = 2147483647;
			files = (
				D2712429D87AF30BB8D16D47 /* Pods_SwiftWithRxSwift.framework in Frameworks */,
			);
			runOnlyForDeploymentPostprocessing = 0;
		};
/* End PBXFrameworksBuildPhase section */

/* Begin PBXGroup section */
		2C225D50278F3D1D002117B7 /* PhotoFilter */ = {
			isa = PBXGroup;
			children = (
				2CADC14A278CB51F0035D95E /* PhotosViewController.swift */,
				2CADC148278CB4E90035D95E /* PhotosCollectionViewController.swift */,
				2CADC14C278CBAC50035D95E /* PhotoCollectionViewCell.swift */,
				2CE1E1D5278DDF9F00AC0821 /* FilterService.swift */,
			);
			path = PhotoFilter;
			sourceTree = "<group>";
		};
		2C225D51278F3D26002117B7 /* TodoList */ = {
			isa = PBXGroup;
			children = (
				2C225D59278F41E7002117B7 /* Models */,
				2C225D54278F3DF2002117B7 /* Controller */,
			);
			path = TodoList;
			sourceTree = "<group>";
		};
		2C225D54278F3DF2002117B7 /* Controller */ = {
			isa = PBXGroup;
			children = (
				2C225D55278F3DFE002117B7 /* TaskListViewController.swift */,
				2C225D57278F40CB002117B7 /* AddTaskViewController.swift */,
			);
			path = Controller;
			sourceTree = "<group>";
		};
		2C225D59278F41E7002117B7 /* Models */ = {
			isa = PBXGroup;
			children = (
				2C225D5A278F41F2002117B7 /* Task.swift */,
			);
			path = Models;
			sourceTree = "<group>";
		};
		2C2EB04A27932AC2008D5F29 /* WeatherApp */ = {
			isa = PBXGroup;
			children = (
				2C2EB05027932E3A008D5F29 /* Extensions */,
				2C2EB04D27932C3B008D5F29 /* Model */,
				2C2EB04B27932AE2008D5F29 /* WeatherViewController.swift */,
			);
			path = WeatherApp;
			sourceTree = "<group>";
		};
		2C2EB04D27932C3B008D5F29 /* Model */ = {
			isa = PBXGroup;
			children = (
				2C2EB04E27932C51008D5F29 /* WeatherResult.swift */,
			);
			path = Model;
			sourceTree = "<group>";
		};
		2C2EB05027932E3A008D5F29 /* Extensions */ = {
			isa = PBXGroup;
			children = (
				2C2EB05127932E54008D5F29 /* URLRequest+Extensions+Weather.swift */,
				2C2EB05327933313008D5F29 /* URL+Extensions.swift */,
			);
			path = Extensions;
			sourceTree = "<group>";
		};
		2C50C33F2774BDCD00DC10CF = {
			isa = PBXGroup;
			children = (
				2C50C34A2774BDCD00DC10CF /* SwiftWithRxSwift */,
				2C50C3492774BDCD00DC10CF /* Products */,
				B88E554AF8F663239B524E57 /* Pods */,
				C9C6ECF010583A4EED853486 /* Frameworks */,
			);
			sourceTree = "<group>";
		};
		2C50C3492774BDCD00DC10CF /* Products */ = {
			isa = PBXGroup;
			children = (
				2C50C3482774BDCD00DC10CF /* SwiftWithRxSwift.app */,
			);
			name = Products;
			sourceTree = "<group>";
		};
		2C50C34A2774BDCD00DC10CF /* SwiftWithRxSwift */ = {
			isa = PBXGroup;
			children = (
				2C79D38927DFBCE50075C80D /* RxSwift4Hour */,
				2C70CF6127CFBB710018BFD3 /* RxSwiftExample */,
				2C50C34B2774BDCD00DC10CF /* AppDelegate.swift */,
				2C50C34D2774BDCD00DC10CF /* SceneDelegate.swift */,
				2C50C34F2774BDCD00DC10CF /* ViewController.swift */,
				2C802C80277A2AE700E307F1 /* TestTableViewController.swift */,
				2C802C82277A2B3100E307F1 /* MainTableViewCell.swift */,
				2C802C83277A2B3100E307F1 /* MainTableViewCell.xib */,
				2C50C3512774BDCD00DC10CF /* Main.storyboard */,
				2CADC143278C9F710035D95E /* RxUdemy */,
				2C50C3542774BDCE00DC10CF /* Assets.xcassets */,
				2C50C3562774BDCE00DC10CF /* LaunchScreen.storyboard */,
				2C50C3592774BDCE00DC10CF /* Info.plist */,
			);
			path = SwiftWithRxSwift;
			sourceTree = "<group>";
		};
		2C70CF6127CFBB710018BFD3 /* RxSwiftExample */ = {
			isa = PBXGroup;
			children = (
				2C70CF6227CFBB970018BFD3 /* Example */,
			);
			path = RxSwiftExample;
			sourceTree = "<group>";
		};
		2C70CF6227CFBB970018BFD3 /* Example */ = {
			isa = PBXGroup;
			children = (
				2C70CF6527CFBBDE0018BFD3 /* RxEampleStoryBoard.storyboard */,
				2C70CF7327CFD54A0018BFD3 /* SimpleValidation */,
				2C70CF6E27CFC7E60018BFD3 /* Numbers */,
			);
			path = Example;
			sourceTree = "<group>";
		};
		2C70CF6E27CFC7E60018BFD3 /* Numbers */ = {
			isa = PBXGroup;
			children = (
				2C70CF6F27CFC7F70018BFD3 /* Numbers.storyboard */,
				2C70CF7127CFC82D0018BFD3 /* NumbersViewController.swift */,
			);
			path = Numbers;
			sourceTree = "<group>";
		};
		2C70CF7327CFD54A0018BFD3 /* SimpleValidation */ = {
			isa = PBXGroup;
			children = (
				2C70CF7427CFD5590018BFD3 /* SimpleValidation.storyboard */,
				2C70CF7627CFD5630018BFD3 /* SimpleValidationViewController.swift */,
			);
			path = SimpleValidation;
			sourceTree = "<group>";
		};
		2C79D38927DFBCE50075C80D /* RxSwift4Hour */ = {
			isa = PBXGroup;
			children = (
				2C79D38A27DFBCF60075C80D /* RxSwift4Hour.storyboard */,
			);
			path = RxSwift4Hour;
			sourceTree = "<group>";
		};
		2C84ED8227909C17003A65C6 /* NewsApp */ = {
			isa = PBXGroup;
			children = (
				2C84EDAC2790ABCA003A65C6 /* Extensions */,
				2C84EDA52790A579003A65C6 /* Models */,
				2C84ED8327909D4E003A65C6 /* NewsTableViewController.swift */,
				2C84EDA82790A6AF003A65C6 /* NewsTableViewCell.swift */,
				2C84EDA92790A6AF003A65C6 /* NewsTableViewCell.xib */,
			);
			path = NewsApp;
			sourceTree = "<group>";
		};
		2C84EDA52790A579003A65C6 /* Models */ = {
			isa = PBXGroup;
			children = (
				2C84EDA62790A584003A65C6 /* Article.swift */,
			);
			path = Models;
			sourceTree = "<group>";
		};
		2C84EDAC2790ABCA003A65C6 /* Extensions */ = {
			isa = PBXGroup;
			children = (
				2C84EDAD2790ABDB003A65C6 /* URLRequest+Extensions.swift */,
			);
			path = Extensions;
			sourceTree = "<group>";
		};
		2CA2BB0A279420D400F8D107 /* NewsAppWithMVVM */ = {
			isa = PBXGroup;
			children = (
				2CA2BB1C2794273500F8D107 /* ViewModel */,
				2CA2BB19279424B700F8D107 /* Extensions */,
				2CA2BB142794230E00F8D107 /* Models */,
				2CA2BB13279422E200F8D107 /* Controller */,
			);
			path = NewsAppWithMVVM;
			sourceTree = "<group>";
		};
		2CA2BB13279422E200F8D107 /* Controller */ = {
			isa = PBXGroup;
			children = (
				2CA2BB0B279420ED00F8D107 /* MVVMNewsViewController.swift */,
				2CA2BB0F2794211600F8D107 /* MVVMNewsTableViewCell.swift */,
				2CA2BB102794211600F8D107 /* MVVMNewsTableViewCell.xib */,
			);
			path = Controller;
			sourceTree = "<group>";
		};
		2CA2BB142794230E00F8D107 /* Models */ = {
			isa = PBXGroup;
			children = (
				2CA2BB172794238700F8D107 /* MVVMNewsArticle.swift */,
			);
			path = Models;
			sourceTree = "<group>";
		};
		2CA2BB19279424B700F8D107 /* Extensions */ = {
			isa = PBXGroup;
			children = (
				2CA2BB1A279424D900F8D107 /* URLRequest+Extensions+MVVM.swift */,
			);
			path = Extensions;
			sourceTree = "<group>";
		};
		2CA2BB1C2794273500F8D107 /* ViewModel */ = {
			isa = PBXGroup;
			children = (
				2CA2BB1D2794274100F8D107 /* ArticleViewModel.swift */,
			);
			path = ViewModel;
			sourceTree = "<group>";
		};
		2CADC143278C9F710035D95E /* RxUdemy */ = {
			isa = PBXGroup;
			children = (
				2CADC147278CA2FB0035D95E /* RxSwiftPlayground.playground */,
				2CADC141278C9F1F0035D95E /* RxMain.storyboard */,
				2CA2BB0A279420D400F8D107 /* NewsAppWithMVVM */,
				2C2EB04A27932AC2008D5F29 /* WeatherApp */,
				2C84ED8227909C17003A65C6 /* NewsApp */,
				2C225D51278F3D26002117B7 /* TodoList */,
				2C225D50278F3D1D002117B7 /* PhotoFilter */,
			);
			path = RxUdemy;
			sourceTree = "<group>";
		};
		B88E554AF8F663239B524E57 /* Pods */ = {
			isa = PBXGroup;
			children = (
				F52FA974EB051588B64763EC /* Pods-SwiftWithRxSwift.debug.xcconfig */,
				8C4A1DAB97DF5C8CCC8873F7 /* Pods-SwiftWithRxSwift.release.xcconfig */,
			);
			path = Pods;
			sourceTree = "<group>";
		};
		C9C6ECF010583A4EED853486 /* Frameworks */ = {
			isa = PBXGroup;
			children = (
				0614D770F73FFF1B7AAF0C6A /* Pods_SwiftWithRxSwift.framework */,
			);
			name = Frameworks;
			sourceTree = "<group>";
		};
/* End PBXGroup section */

/* Begin PBXNativeTarget section */
		2C50C3472774BDCD00DC10CF /* SwiftWithRxSwift */ = {
			isa = PBXNativeTarget;
			buildConfigurationList = 2C50C35C2774BDCE00DC10CF /* Build configuration list for PBXNativeTarget "SwiftWithRxSwift" */;
			buildPhases = (
				4FA5C3CA7777BABB1749BF04 /* [CP] Check Pods Manifest.lock */,
				2C50C3442774BDCD00DC10CF /* Sources */,
				2C50C3452774BDCD00DC10CF /* Frameworks */,
				2C50C3462774BDCD00DC10CF /* Resources */,
				30A3A4FDA728F58523F81AFF /* [CP] Embed Pods Frameworks */,
			);
			buildRules = (
			);
			dependencies = (
			);
			name = SwiftWithRxSwift;
			productName = SwiftWithRxSwift;
			productReference = 2C50C3482774BDCD00DC10CF /* SwiftWithRxSwift.app */;
			productType = "com.apple.product-type.application";
		};
/* End PBXNativeTarget section */

/* Begin PBXProject section */
		2C50C3402774BDCD00DC10CF /* Project object */ = {
			isa = PBXProject;
			attributes = {
				BuildIndependentTargetsInParallel = 1;
				LastSwiftUpdateCheck = 1320;
				LastUpgradeCheck = 1320;
				TargetAttributes = {
					2C50C3472774BDCD00DC10CF = {
						CreatedOnToolsVersion = 13.2.1;
					};
				};
			};
			buildConfigurationList = 2C50C3432774BDCD00DC10CF /* Build configuration list for PBXProject "SwiftWithRxSwift" */;
			compatibilityVersion = "Xcode 13.0";
			developmentRegion = en;
			hasScannedForEncodings = 0;
			knownRegions = (
				en,
				Base,
			);
			mainGroup = 2C50C33F2774BDCD00DC10CF;
			productRefGroup = 2C50C3492774BDCD00DC10CF /* Products */;
			projectDirPath = "";
			projectRoot = "";
			targets = (
				2C50C3472774BDCD00DC10CF /* SwiftWithRxSwift */,
			);
		};
/* End PBXProject section */

/* Begin PBXResourcesBuildPhase section */
		2C50C3462774BDCD00DC10CF /* Resources */ = {
			isa = PBXResourcesBuildPhase;
			buildActionMask = 2147483647;
			files = (
				2C50C3582774BDCE00DC10CF /* LaunchScreen.storyboard in Resources */,
				2C70CF7527CFD5590018BFD3 /* SimpleValidation.storyboard in Resources */,
				2C50C3552774BDCE00DC10CF /* Assets.xcassets in Resources */,
				2C70CF7027CFC7F70018BFD3 /* Numbers.storyboard in Resources */,
				2CA2BB122794211600F8D107 /* MVVMNewsTableViewCell.xib in Resources */,
				2C70CF6627CFBBDE0018BFD3 /* RxEampleStoryBoard.storyboard in Resources */,
				2C79D38B27DFBCF60075C80D /* RxSwift4Hour.storyboard in Resources */,
				2CADC142278C9F1F0035D95E /* RxMain.storyboard in Resources */,
				2C802C85277A2B3100E307F1 /* MainTableViewCell.xib in Resources */,
				2C84EDAB2790A6AF003A65C6 /* NewsTableViewCell.xib in Resources */,
				2C50C3532774BDCD00DC10CF /* Main.storyboard in Resources */,
			);
			runOnlyForDeploymentPostprocessing = 0;
		};
/* End PBXResourcesBuildPhase section */

/* Begin PBXShellScriptBuildPhase section */
		30A3A4FDA728F58523F81AFF /* [CP] Embed Pods Frameworks */ = {
			isa = PBXShellScriptBuildPhase;
			buildActionMask = 2147483647;
			files = (
			);
			inputFileListPaths = (
				"${PODS_ROOT}/Target Support Files/Pods-SwiftWithRxSwift/Pods-SwiftWithRxSwift-frameworks-${CONFIGURATION}-input-files.xcfilelist",
			);
			name = "[CP] Embed Pods Frameworks";
			outputFileListPaths = (
				"${PODS_ROOT}/Target Support Files/Pods-SwiftWithRxSwift/Pods-SwiftWithRxSwift-frameworks-${CONFIGURATION}-output-files.xcfilelist",
			);
			runOnlyForDeploymentPostprocessing = 0;
			shellPath = /bin/sh;
			shellScript = "\"${PODS_ROOT}/Target Support Files/Pods-SwiftWithRxSwift/Pods-SwiftWithRxSwift-frameworks.sh\"\n";
			showEnvVarsInLog = 0;
		};
		4FA5C3CA7777BABB1749BF04 /* [CP] Check Pods Manifest.lock */ = {
			isa = PBXShellScriptBuildPhase;
			buildActionMask = 2147483647;
			files = (
			);
			inputFileListPaths = (
			);
			inputPaths = (
				"${PODS_PODFILE_DIR_PATH}/Podfile.lock",
				"${PODS_ROOT}/Manifest.lock",
			);
			name = "[CP] Check Pods Manifest.lock";
			outputFileListPaths = (
			);
			outputPaths = (
				"$(DERIVED_FILE_DIR)/Pods-SwiftWithRxSwift-checkManifestLockResult.txt",
			);
			runOnlyForDeploymentPostprocessing = 0;
			shellPath = /bin/sh;
			shellScript = "diff \"${PODS_PODFILE_DIR_PATH}/Podfile.lock\" \"${PODS_ROOT}/Manifest.lock\" > /dev/null\nif [ $? != 0 ] ; then\n    # print error to STDERR\n    echo \"error: The sandbox is not in sync with the Podfile.lock. Run 'pod install' or update your CocoaPods installation.\" >&2\n    exit 1\nfi\n# This output is used by Xcode 'outputs' to avoid re-running this script phase.\necho \"SUCCESS\" > \"${SCRIPT_OUTPUT_FILE_0}\"\n";
			showEnvVarsInLog = 0;
		};
/* End PBXShellScriptBuildPhase section */

/* Begin PBXSourcesBuildPhase section */
		2C50C3442774BDCD00DC10CF /* Sources */ = {
			isa = PBXSourcesBuildPhase;
			buildActionMask = 2147483647;
			files = (
				2C84EDA72790A584003A65C6 /* Article.swift in Sources */,
				2C2EB04C27932AE2008D5F29 /* WeatherViewController.swift in Sources */,
				2C70CF7727CFD5630018BFD3 /* SimpleValidationViewController.swift in Sources */,
				2CA2BB112794211600F8D107 /* MVVMNewsTableViewCell.swift in Sources */,
				2CA2BB1E2794274100F8D107 /* ArticleViewModel.swift in Sources */,
				2CA2BB0C279420ED00F8D107 /* MVVMNewsViewController.swift in Sources */,
				2C50C3502774BDCD00DC10CF /* ViewController.swift in Sources */,
				2C84EDAA2790A6AF003A65C6 /* NewsTableViewCell.swift in Sources */,
				2CA2BB1B279424D900F8D107 /* URLRequest+Extensions+MVVM.swift in Sources */,
				2CADC14D278CBAC50035D95E /* PhotoCollectionViewCell.swift in Sources */,
				2C50C34C2774BDCD00DC10CF /* AppDelegate.swift in Sources */,
				2C50C34E2774BDCD00DC10CF /* SceneDelegate.swift in Sources */,
				2C225D5B278F41F2002117B7 /* Task.swift in Sources */,
				2C2EB05227932E54008D5F29 /* URLRequest+Extensions+Weather.swift in Sources */,
				2CADC149278CB4E90035D95E /* PhotosCollectionViewController.swift in Sources */,
				2C2EB04F27932C51008D5F29 /* WeatherResult.swift in Sources */,
				2CA2BB182794238700F8D107 /* MVVMNewsArticle.swift in Sources */,
				2C84ED8427909D4E003A65C6 /* NewsTableViewController.swift in Sources */,
				2CADC14B278CB51F0035D95E /* PhotosViewController.swift in Sources */,
				2C225D58278F40CB002117B7 /* AddTaskViewController.swift in Sources */,
				2C70CF7227CFC82D0018BFD3 /* NumbersViewController.swift in Sources */,
				2CE1E1D6278DDF9F00AC0821 /* FilterService.swift in Sources */,
				2C802C81277A2AE700E307F1 /* TestTableViewController.swift in Sources */,
				2C84EDAE2790ABDB003A65C6 /* URLRequest+Extensions.swift in Sources */,
				2C2EB05427933313008D5F29 /* URL+Extensions.swift in Sources */,
				2C802C84277A2B3100E307F1 /* MainTableViewCell.swift in Sources */,
				2C225D56278F3DFE002117B7 /* TaskListViewController.swift in Sources */,
			);
			runOnlyForDeploymentPostprocessing = 0;
		};
/* End PBXSourcesBuildPhase section */

/* Begin PBXVariantGroup section */
		2C50C3512774BDCD00DC10CF /* Main.storyboard */ = {
			isa = PBXVariantGroup;
			children = (
				2C50C3522774BDCD00DC10CF /* Base */,
			);
			name = Main.storyboard;
			sourceTree = "<group>";
		};
		2C50C3562774BDCE00DC10CF /* LaunchScreen.storyboard */ = {
			isa = PBXVariantGroup;
			children = (
				2C50C3572774BDCE00DC10CF /* Base */,
			);
			name = LaunchScreen.storyboard;
			sourceTree = "<group>";
		};
/* End PBXVariantGroup section */

/* Begin XCBuildConfiguration section */
		2C50C35A2774BDCE00DC10CF /* Debug */ = {
			isa = XCBuildConfiguration;
			buildSettings = {
				ALWAYS_SEARCH_USER_PATHS = NO;
				CLANG_ANALYZER_NONNULL = YES;
				CLANG_ANALYZER_NUMBER_OBJECT_CONVERSION = YES_AGGRESSIVE;
				CLANG_CXX_LANGUAGE_STANDARD = "gnu++17";
				CLANG_CXX_LIBRARY = "libc++";
				CLANG_ENABLE_MODULES = YES;
				CLANG_ENABLE_OBJC_ARC = YES;
				CLANG_ENABLE_OBJC_WEAK = YES;
				CLANG_WARN_BLOCK_CAPTURE_AUTORELEASING = YES;
				CLANG_WARN_BOOL_CONVERSION = YES;
				CLANG_WARN_COMMA = YES;
				CLANG_WARN_CONSTANT_CONVERSION = YES;
				CLANG_WARN_DEPRECATED_OBJC_IMPLEMENTATIONS = YES;
				CLANG_WARN_DIRECT_OBJC_ISA_USAGE = YES_ERROR;
				CLANG_WARN_DOCUMENTATION_COMMENTS = YES;
				CLANG_WARN_EMPTY_BODY = YES;
				CLANG_WARN_ENUM_CONVERSION = YES;
				CLANG_WARN_INFINITE_RECURSION = YES;
				CLANG_WARN_INT_CONVERSION = YES;
				CLANG_WARN_NON_LITERAL_NULL_CONVERSION = YES;
				CLANG_WARN_OBJC_IMPLICIT_RETAIN_SELF = YES;
				CLANG_WARN_OBJC_LITERAL_CONVERSION = YES;
				CLANG_WARN_OBJC_ROOT_CLASS = YES_ERROR;
				CLANG_WARN_QUOTED_INCLUDE_IN_FRAMEWORK_HEADER = YES;
				CLANG_WARN_RANGE_LOOP_ANALYSIS = YES;
				CLANG_WARN_STRICT_PROTOTYPES = YES;
				CLANG_WARN_SUSPICIOUS_MOVE = YES;
				CLANG_WARN_UNGUARDED_AVAILABILITY = YES_AGGRESSIVE;
				CLANG_WARN_UNREACHABLE_CODE = YES;
				CLANG_WARN__DUPLICATE_METHOD_MATCH = YES;
				COPY_PHASE_STRIP = NO;
				DEBUG_INFORMATION_FORMAT = dwarf;
				ENABLE_STRICT_OBJC_MSGSEND = YES;
				ENABLE_TESTABILITY = YES;
				GCC_C_LANGUAGE_STANDARD = gnu11;
				GCC_DYNAMIC_NO_PIC = NO;
				GCC_NO_COMMON_BLOCKS = YES;
				GCC_OPTIMIZATION_LEVEL = 0;
				GCC_PREPROCESSOR_DEFINITIONS = (
					"DEBUG=1",
					"$(inherited)",
				);
				GCC_WARN_64_TO_32_BIT_CONVERSION = YES;
				GCC_WARN_ABOUT_RETURN_TYPE = YES_ERROR;
				GCC_WARN_UNDECLARED_SELECTOR = YES;
				GCC_WARN_UNINITIALIZED_AUTOS = YES_AGGRESSIVE;
				GCC_WARN_UNUSED_FUNCTION = YES;
				GCC_WARN_UNUSED_VARIABLE = YES;
				IPHONEOS_DEPLOYMENT_TARGET = 14.0;
				MTL_ENABLE_DEBUG_INFO = INCLUDE_SOURCE;
				MTL_FAST_MATH = YES;
				ONLY_ACTIVE_ARCH = YES;
				SDKROOT = iphoneos;
				SWIFT_ACTIVE_COMPILATION_CONDITIONS = DEBUG;
				SWIFT_OPTIMIZATION_LEVEL = "-Onone";
			};
			name = Debug;
		};
		2C50C35B2774BDCE00DC10CF /* Release */ = {
			isa = XCBuildConfiguration;
			buildSettings = {
				ALWAYS_SEARCH_USER_PATHS = NO;
				CLANG_ANALYZER_NONNULL = YES;
				CLANG_ANALYZER_NUMBER_OBJECT_CONVERSION = YES_AGGRESSIVE;
				CLANG_CXX_LANGUAGE_STANDARD = "gnu++17";
				CLANG_CXX_LIBRARY = "libc++";
				CLANG_ENABLE_MODULES = YES;
				CLANG_ENABLE_OBJC_ARC = YES;
				CLANG_ENABLE_OBJC_WEAK = YES;
				CLANG_WARN_BLOCK_CAPTURE_AUTORELEASING = YES;
				CLANG_WARN_BOOL_CONVERSION = YES;
				CLANG_WARN_COMMA = YES;
				CLANG_WARN_CONSTANT_CONVERSION = YES;
				CLANG_WARN_DEPRECATED_OBJC_IMPLEMENTATIONS = YES;
				CLANG_WARN_DIRECT_OBJC_ISA_USAGE = YES_ERROR;
				CLANG_WARN_DOCUMENTATION_COMMENTS = YES;
				CLANG_WARN_EMPTY_BODY = YES;
				CLANG_WARN_ENUM_CONVERSION = YES;
				CLANG_WARN_INFINITE_RECURSION = YES;
				CLANG_WARN_INT_CONVERSION = YES;
				CLANG_WARN_NON_LITERAL_NULL_CONVERSION = YES;
				CLANG_WARN_OBJC_IMPLICIT_RETAIN_SELF = YES;
				CLANG_WARN_OBJC_LITERAL_CONVERSION = YES;
				CLANG_WARN_OBJC_ROOT_CLASS = YES_ERROR;
				CLANG_WARN_QUOTED_INCLUDE_IN_FRAMEWORK_HEADER = YES;
				CLANG_WARN_RANGE_LOOP_ANALYSIS = YES;
				CLANG_WARN_STRICT_PROTOTYPES = YES;
				CLANG_WARN_SUSPICIOUS_MOVE = YES;
				CLANG_WARN_UNGUARDED_AVAILABILITY = YES_AGGRESSIVE;
				CLANG_WARN_UNREACHABLE_CODE = YES;
				CLANG_WARN__DUPLICATE_METHOD_MATCH = YES;
				COPY_PHASE_STRIP = NO;
				DEBUG_INFORMATION_FORMAT = "dwarf-with-dsym";
				ENABLE_NS_ASSERTIONS = NO;
				ENABLE_STRICT_OBJC_MSGSEND = YES;
				GCC_C_LANGUAGE_STANDARD = gnu11;
				GCC_NO_COMMON_BLOCKS = YES;
				GCC_WARN_64_TO_32_BIT_CONVERSION = YES;
				GCC_WARN_ABOUT_RETURN_TYPE = YES_ERROR;
				GCC_WARN_UNDECLARED_SELECTOR = YES;
				GCC_WARN_UNINITIALIZED_AUTOS = YES_AGGRESSIVE;
				GCC_WARN_UNUSED_FUNCTION = YES;
				GCC_WARN_UNUSED_VARIABLE = YES;
				IPHONEOS_DEPLOYMENT_TARGET = 14.0;
				MTL_ENABLE_DEBUG_INFO = NO;
				MTL_FAST_MATH = YES;
				SDKROOT = iphoneos;
				SWIFT_COMPILATION_MODE = wholemodule;
				SWIFT_OPTIMIZATION_LEVEL = "-O";
				VALIDATE_PRODUCT = YES;
			};
			name = Release;
		};
		2C50C35D2774BDCE00DC10CF /* Debug */ = {
			isa = XCBuildConfiguration;
			baseConfigurationReference = F52FA974EB051588B64763EC /* Pods-SwiftWithRxSwift.debug.xcconfig */;
			buildSettings = {
				ASSETCATALOG_COMPILER_APPICON_NAME = AppIcon;
				ASSETCATALOG_COMPILER_GLOBAL_ACCENT_COLOR_NAME = AccentColor;
				CODE_SIGN_IDENTITY = "Apple Development";
				CODE_SIGN_STYLE = Automatic;
				CURRENT_PROJECT_VERSION = 1;
				DEVELOPMENT_TEAM = VKGAQDGK5R;
				GENERATE_INFOPLIST_FILE = YES;
				INFOPLIST_FILE = SwiftWithRxSwift/Info.plist;
				INFOPLIST_KEY_NSPhotoLibraryAddUsageDescription = test;
				INFOPLIST_KEY_NSPhotoLibraryUsageDescription = test;
				INFOPLIST_KEY_UIApplicationSupportsIndirectInputEvents = YES;
				INFOPLIST_KEY_UILaunchStoryboardName = LaunchScreen;
				INFOPLIST_KEY_UIMainStoryboardFile = RxSwift4Hour;
				INFOPLIST_KEY_UISupportedInterfaceOrientations_iPad = "UIInterfaceOrientationPortrait UIInterfaceOrientationPortraitUpsideDown UIInterfaceOrientationLandscapeLeft UIInterfaceOrientationLandscapeRight";
				INFOPLIST_KEY_UISupportedInterfaceOrientations_iPhone = "UIInterfaceOrientationPortrait UIInterfaceOrientationLandscapeLeft UIInterfaceOrientationLandscapeRight";
				LD_RUNPATH_SEARCH_PATHS = (
					"$(inherited)",
					"@executable_path/Frameworks",
				);
				MARKETING_VERSION = 1.0;
				PRODUCT_BUNDLE_IDENTIFIER = com.boni.SwiftWithRxSwift;
				PRODUCT_NAME = "$(TARGET_NAME)";
				PROVISIONING_PROFILE_SPECIFIER = "";
				SWIFT_EMIT_LOC_STRINGS = YES;
				SWIFT_VERSION = 5.0;
				TARGETED_DEVICE_FAMILY = 1;
			};
			name = Debug;
		};
		2C50C35E2774BDCE00DC10CF /* Release */ = {
			isa = XCBuildConfiguration;
			baseConfigurationReference = 8C4A1DAB97DF5C8CCC8873F7 /* Pods-SwiftWithRxSwift.release.xcconfig */;
			buildSettings = {
				ASSETCATALOG_COMPILER_APPICON_NAME = AppIcon;
				ASSETCATALOG_COMPILER_GLOBAL_ACCENT_COLOR_NAME = AccentColor;
				CODE_SIGN_IDENTITY = "Apple Development";
				CODE_SIGN_STYLE = Automatic;
				CURRENT_PROJECT_VERSION = 1;
				DEVELOPMENT_TEAM = VKGAQDGK5R;
				GENERATE_INFOPLIST_FILE = YES;
				INFOPLIST_FILE = SwiftWithRxSwift/Info.plist;
				INFOPLIST_KEY_NSPhotoLibraryAddUsageDescription = test;
				INFOPLIST_KEY_NSPhotoLibraryUsageDescription = test;
				INFOPLIST_KEY_UIApplicationSupportsIndirectInputEvents = YES;
				INFOPLIST_KEY_UILaunchStoryboardName = LaunchScreen;
				INFOPLIST_KEY_UIMainStoryboardFile = RxSwift4Hour;
				INFOPLIST_KEY_UISupportedInterfaceOrientations_iPad = "UIInterfaceOrientationPortrait UIInterfaceOrientationPortraitUpsideDown UIInterfaceOrientationLandscapeLeft UIInterfaceOrientationLandscapeRight";
				INFOPLIST_KEY_UISupportedInterfaceOrientations_iPhone = "UIInterfaceOrientationPortrait UIInterfaceOrientationLandscapeLeft UIInterfaceOrientationLandscapeRight";
				LD_RUNPATH_SEARCH_PATHS = (
					"$(inherited)",
					"@executable_path/Frameworks",
				);
				MARKETING_VERSION = 1.0;
				PRODUCT_BUNDLE_IDENTIFIER = com.boni.SwiftWithRxSwift;
				PRODUCT_NAME = "$(TARGET_NAME)";
				PROVISIONING_PROFILE_SPECIFIER = "";
				SWIFT_EMIT_LOC_STRINGS = YES;
				SWIFT_VERSION = 5.0;
				TARGETED_DEVICE_FAMILY = 1;
			};
			name = Release;
		};
/* End XCBuildConfiguration section */

/* Begin XCConfigurationList section */
		2C50C3432774BDCD00DC10CF /* Build configuration list for PBXProject "SwiftWithRxSwift" */ = {
			isa = XCConfigurationList;
			buildConfigurations = (
				2C50C35A2774BDCE00DC10CF /* Debug */,
				2C50C35B2774BDCE00DC10CF /* Release */,
			);
			defaultConfigurationIsVisible = 0;
			defaultConfigurationName = Release;
		};
		2C50C35C2774BDCE00DC10CF /* Build configuration list for PBXNativeTarget "SwiftWithRxSwift" */ = {
			isa = XCConfigurationList;
			buildConfigurations = (
				2C50C35D2774BDCE00DC10CF /* Debug */,
				2C50C35E2774BDCE00DC10CF /* Release */,
			);
			defaultConfigurationIsVisible = 0;
			defaultConfigurationName = Release;
		};
/* End XCConfigurationList section */
	};
	rootObject = 2C50C3402774BDCD00DC10CF /* Project object */;
}
